// !$*UTF8*$!
{
	archiveVersion = 1;
	classes = {
	};
	objectVersion = 50;
	objects = {

/* Begin PBXBuildFile section */
		528E129F2B82241C009B96AE /* DetailsViewController.swift in Sources */ = {isa = PBXBuildFile; fileRef = 528E129E2B82241C009B96AE /* DetailsViewController.swift */; };
		528E12A42B828B12009B96AE /* DetailVCTableViewCell.swift in Sources */ = {isa = PBXBuildFile; fileRef = 528E12A22B828B12009B96AE /* DetailVCTableViewCell.swift */; };
		528E12A52B828B12009B96AE /* DetailVCTableViewCell.xib in Resources */ = {isa = PBXBuildFile; fileRef = 528E12A32B828B12009B96AE /* DetailVCTableViewCell.xib */; };
		DC6E18E62758A6F300F0D4BB /* DatabaseHelper.swift in Sources */ = {isa = PBXBuildFile; fileRef = DC6E18E52758A6F300F0D4BB /* DatabaseHelper.swift */; };
		DC70C66A275893F90055B2B6 /* AppDelegate.swift in Sources */ = {isa = PBXBuildFile; fileRef = DC70C669275893F90055B2B6 /* AppDelegate.swift */; };
		DC70C66C275893F90055B2B6 /* SceneDelegate.swift in Sources */ = {isa = PBXBuildFile; fileRef = DC70C66B275893F90055B2B6 /* SceneDelegate.swift */; };
		DC70C66E275893F90055B2B6 /* ViewController.swift in Sources */ = {isa = PBXBuildFile; fileRef = DC70C66D275893F90055B2B6 /* ViewController.swift */; };
		DC70C671275893F90055B2B6 /* Main.storyboard in Resources */ = {isa = PBXBuildFile; fileRef = DC70C66F275893F90055B2B6 /* Main.storyboard */; };
		DC70C674275893F90055B2B6 /* DemoCoreDataProject.xcdatamodeld in Sources */ = {isa = PBXBuildFile; fileRef = DC70C672275893F90055B2B6 /* DemoCoreDataProject.xcdatamodeld */; };
		DC70C676275893FA0055B2B6 /* Assets.xcassets in Resources */ = {isa = PBXBuildFile; fileRef = DC70C675275893FA0055B2B6 /* Assets.xcassets */; };
		DC70C679275893FA0055B2B6 /* LaunchScreen.storyboard in Resources */ = {isa = PBXBuildFile; fileRef = DC70C677275893FA0055B2B6 /* LaunchScreen.storyboard */; };
		DC70C682275894BC0055B2B6 /* Student+CoreDataClass.swift in Sources */ = {isa = PBXBuildFile; fileRef = DC70C680275894BC0055B2B6 /* Student+CoreDataClass.swift */; };
		DC70C683275894BC0055B2B6 /* Student+CoreDataProperties.swift in Sources */ = {isa = PBXBuildFile; fileRef = DC70C681275894BC0055B2B6 /* Student+CoreDataProperties.swift */; };
		DC70C6862758953C0055B2B6 /* CoreData.framework in Frameworks */ = {isa = PBXBuildFile; fileRef = DC70C6852758953C0055B2B6 /* CoreData.framework */; };
/* End PBXBuildFile section */

/* Begin PBXFileReference section */
		528E129E2B82241C009B96AE /* DetailsViewController.swift */ = {isa = PBXFileReference; lastKnownFileType = sourcecode.swift; path = DetailsViewController.swift; sourceTree = "<group>"; };
		528E12A22B828B12009B96AE /* DetailVCTableViewCell.swift */ = {isa = PBXFileReference; lastKnownFileType = sourcecode.swift; path = DetailVCTableViewCell.swift; sourceTree = "<group>"; };
		528E12A32B828B12009B96AE /* DetailVCTableViewCell.xib */ = {isa = PBXFileReference; lastKnownFileType = file.xib; path = DetailVCTableViewCell.xib; sourceTree = "<group>"; };
		DC6E18E52758A6F300F0D4BB /* DatabaseHelper.swift */ = {isa = PBXFileReference; lastKnownFileType = sourcecode.swift; path = DatabaseHelper.swift; sourceTree = "<group>"; };
		DC70C666275893F90055B2B6 /* DemoCoreDataProject.app */ = {isa = PBXFileReference; explicitFileType = wrapper.application; includeInIndex = 0; path = DemoCoreDataProject.app; sourceTree = BUILT_PRODUCTS_DIR; };
		DC70C669275893F90055B2B6 /* AppDelegate.swift */ = {isa = PBXFileReference; lastKnownFileType = sourcecode.swift; path = AppDelegate.swift; sourceTree = "<group>"; };
		DC70C66B275893F90055B2B6 /* SceneDelegate.swift */ = {isa = PBXFileReference; lastKnownFileType = sourcecode.swift; path = SceneDelegate.swift; sourceTree = "<group>"; };
		DC70C66D275893F90055B2B6 /* ViewController.swift */ = {isa = PBXFileReference; lastKnownFileType = sourcecode.swift; path = ViewController.swift; sourceTree = "<group>"; };
		DC70C670275893F90055B2B6 /* Base */ = {isa = PBXFileReference; lastKnownFileType = file.storyboard; name = Base; path = Base.lproj/Main.storyboard; sourceTree = "<group>"; };
		DC70C673275893F90055B2B6 /* DemoCoreDataProject.xcdatamodel */ = {isa = PBXFileReference; lastKnownFileType = wrapper.xcdatamodel; path = DemoCoreDataProject.xcdatamodel; sourceTree = "<group>"; };
		DC70C675275893FA0055B2B6 /* Assets.xcassets */ = {isa = PBXFileReference; lastKnownFileType = folder.assetcatalog; path = Assets.xcassets; sourceTree = "<group>"; };
		DC70C678275893FA0055B2B6 /* Base */ = {isa = PBXFileReference; lastKnownFileType = file.storyboard; name = Base; path = Base.lproj/LaunchScreen.storyboard; sourceTree = "<group>"; };
		DC70C67A275893FA0055B2B6 /* Info.plist */ = {isa = PBXFileReference; lastKnownFileType = text.plist.xml; path = Info.plist; sourceTree = "<group>"; };
		DC70C680275894BC0055B2B6 /* Student+CoreDataClass.swift */ = {isa = PBXFileReference; lastKnownFileType = sourcecode.swift; path = "Student+CoreDataClass.swift"; sourceTree = "<group>"; };
		DC70C681275894BC0055B2B6 /* Student+CoreDataProperties.swift */ = {isa = PBXFileReference; lastKnownFileType = sourcecode.swift; path = "Student+CoreDataProperties.swift"; sourceTree = "<group>"; };
		DC70C6852758953C0055B2B6 /* CoreData.framework */ = {isa = PBXFileReference; lastKnownFileType = wrapper.framework; name = CoreData.framework; path = System/Library/Frameworks/CoreData.framework; sourceTree = SDKROOT; };
/* End PBXFileReference section */

/* Begin PBXFrameworksBuildPhase section */
		DC70C663275893F90055B2B6 /* Frameworks */ = {
			isa = PBXFrameworksBuildPhase;
			buildActionMask = 2147483647;
			files = (
				DC70C6862758953C0055B2B6 /* CoreData.framework in Frameworks */,
			);
			runOnlyForDeploymentPostprocessing = 0;
		};
/* End PBXFrameworksBuildPhase section */

/* Begin PBXGroup section */
		DC70C65D275893F90055B2B6 = {
			isa = PBXGroup;
			children = (
				DC70C668275893F90055B2B6 /* DemoCoreDataProject */,
				DC70C667275893F90055B2B6 /* Products */,
				DC70C6842758953C0055B2B6 /* Frameworks */,
			);
			sourceTree = "<group>";
		};
		DC70C667275893F90055B2B6 /* Products */ = {
			isa = PBXGroup;
			children = (
				DC70C666275893F90055B2B6 /* DemoCoreDataProject.app */,
			);
			name = Products;
			sourceTree = "<group>";
		};
		DC70C668275893F90055B2B6 /* DemoCoreDataProject */ = {
			isa = PBXGroup;
			children = (
				DC70C669275893F90055B2B6 /* AppDelegate.swift */,
				DC70C66B275893F90055B2B6 /* SceneDelegate.swift */,
				DC70C66D275893F90055B2B6 /* ViewController.swift */,
				528E129E2B82241C009B96AE /* DetailsViewController.swift */,
				DC6E18E52758A6F300F0D4BB /* DatabaseHelper.swift */,
				DC70C66F275893F90055B2B6 /* Main.storyboard */,
				DC70C680275894BC0055B2B6 /* Student+CoreDataClass.swift */,
				DC70C681275894BC0055B2B6 /* Student+CoreDataProperties.swift */,
				DC70C675275893FA0055B2B6 /* Assets.xcassets */,
				DC70C677275893FA0055B2B6 /* LaunchScreen.storyboard */,
				DC70C67A275893FA0055B2B6 /* Info.plist */,
				DC70C672275893F90055B2B6 /* DemoCoreDataProject.xcdatamodeld */,
				528E12A22B828B12009B96AE /* DetailVCTableViewCell.swift */,
				528E12A32B828B12009B96AE /* DetailVCTableViewCell.xib */,
			);
			path = DemoCoreDataProject;
			sourceTree = "<group>";
		};
		DC70C6842758953C0055B2B6 /* Frameworks */ = {
			isa = PBXGroup;
			children = (
				DC70C6852758953C0055B2B6 /* CoreData.framework */,
			);
			name = Frameworks;
			sourceTree = "<group>";
		};
/* End PBXGroup section */

/* Begin PBXNativeTarget section */
		DC70C665275893F90055B2B6 /* DemoCoreDataProject */ = {
			isa = PBXNativeTarget;
			buildConfigurationList = DC70C67D275893FA0055B2B6 /* Build configuration list for PBXNativeTarget "DemoCoreDataProject" */;
			buildPhases = (
				DC70C662275893F90055B2B6 /* Sources */,
				DC70C663275893F90055B2B6 /* Frameworks */,
				DC70C664275893F90055B2B6 /* Resources */,
			);
			buildRules = (
			);
			dependencies = (
			);
			name = DemoCoreDataProject;
			productName = DemoCoreDataProject;
			productReference = DC70C666275893F90055B2B6 /* DemoCoreDataProject.app */;
			productType = "com.apple.product-type.application";
		};
/* End PBXNativeTarget section */

/* Begin PBXProject section */
		DC70C65E275893F90055B2B6 /* Project object */ = {
			isa = PBXProject;
			attributes = {
				LastSwiftUpdateCheck = 1250;
				LastUpgradeCheck = 1250;
				TargetAttributes = {
					DC70C665275893F90055B2B6 = {
						CreatedOnToolsVersion = 12.5.1;
					};
				};
			};
			buildConfigurationList = DC70C661275893F90055B2B6 /* Build configuration list for PBXProject "DemoCoreDataProject" */;
			compatibilityVersion = "Xcode 9.3";
			developmentRegion = en;
			hasScannedForEncodings = 0;
			knownRegions = (
				en,
				Base,
			);
			mainGroup = DC70C65D275893F90055B2B6;
			productRefGroup = DC70C667275893F90055B2B6 /* Products */;
			projectDirPath = "";
			projectRoot = "";
			targets = (
				DC70C665275893F90055B2B6 /* DemoCoreDataProject */,
			);
		};
/* End PBXProject section */

/* Begin PBXResourcesBuildPhase section */
		DC70C664275893F90055B2B6 /* Resources */ = {
			isa = PBXResourcesBuildPhase;
			buildActionMask = 2147483647;
			files = (
				DC70C679275893FA0055B2B6 /* LaunchScreen.storyboard in Resources */,
				528E12A52B828B12009B96AE /* DetailVCTableViewCell.xib in Resources */,
				DC70C676275893FA0055B2B6 /* Assets.xcassets in Resources */,
				DC70C671275893F90055B2B6 /* Main.storyboard in Resources */,
			);
			runOnlyForDeploymentPostprocessing = 0;
		};
/* End PBXResourcesBuildPhase section */

/* Begin PBXSourcesBuildPhase section */
		DC70C662275893F90055B2B6 /* Sources */ = {
			isa = PBXSourcesBuildPhase;
			buildActionMask = 2147483647;
			files = (
				DC70C683275894BC0055B2B6 /* Student+CoreDataProperties.swift in Sources */,
				528E12A42B828B12009B96AE /* DetailVCTableViewCell.swift in Sources */,
				DC70C66E275893F90055B2B6 /* ViewController.swift in Sources */,
				DC70C66A275893F90055B2B6 /* AppDelegate.swift in Sources */,
				528E129F2B82241C009B96AE /* DetailsViewController.swift in Sources */,
				DC6E18E62758A6F300F0D4BB /* DatabaseHelper.swift in Sources */,
				DC70C674275893F90055B2B6 /* DemoCoreDataProject.xcdatamodeld in Sources */,
				DC70C66C275893F90055B2B6 /* SceneDelegate.swift in Sources */,
				DC70C682275894BC0055B2B6 /* Student+CoreDataClass.swift in Sources */,
			);
			runOnlyForDeploymentPostprocessing = 0;
		};
/* End PBXSourcesBuildPhase section */

/* Begin PBXVariantGroup section */
		DC70C66F275893F90055B2B6 /* Main.storyboard */ = {
			isa = PBXVariantGroup;
			children = (
				DC70C670275893F90055B2B6 /* Base */,
			);
			name = Main.storyboard;
			sourceTree = "<group>";
		};
		DC70C677275893FA0055B2B6 /* LaunchScreen.storyboard */ = {
			isa = PBXVariantGroup;
			children = (
				DC70C678275893FA0055B2B6 /* Base */,
			);
			name = LaunchScreen.storyboard;
			sourceTree = "<group>";
		};
/* End PBXVariantGroup section */

/* Begin XCBuildConfiguration section */
		DC70C67B275893FA0055B2B6 /* Debug */ = {
			isa = XCBuildConfiguration;
			buildSettings = {
				ALWAYS_SEARCH_USER_PATHS = NO;
				CLANG_ANALYZER_NONNULL = YES;
				CLANG_ANALYZER_NUMBER_OBJECT_CONVERSION = YES_AGGRESSIVE;
				CLANG_CXX_LANGUAGE_STANDARD = "gnu++14";
				CLANG_CXX_LIBRARY = "libc++";
				CLANG_ENABLE_MODULES = YES;
				CLANG_ENABLE_OBJC_ARC = YES;
				CLANG_ENABLE_OBJC_WEAK = YES;
				CLANG_WARN_BLOCK_CAPTURE_AUTORELEASING = YES;
				CLANG_WARN_BOOL_CONVERSION = YES;
				CLANG_WARN_COMMA = YES;
				CLANG_WARN_CONSTANT_CONVERSION = YES;
				CLANG_WARN_DEPRECATED_OBJC_IMPLEMENTATIONS = YES;
				CLANG_WARN_DIRECT_OBJC_ISA_USAGE = YES_ERROR;
				CLANG_WARN_DOCUMENTATION_COMMENTS = YES;
				CLANG_WARN_EMPTY_BODY = YES;
				CLANG_WARN_ENUM_CONVERSION = YES;
				CLANG_WARN_INFINITE_RECURSION = YES;
				CLANG_WARN_INT_CONVERSION = YES;
				CLANG_WARN_NON_LITERAL_NULL_CONVERSION = YES;
				CLANG_WARN_OBJC_IMPLICIT_RETAIN_SELF = YES;
				CLANG_WARN_OBJC_LITERAL_CONVERSION = YES;
				CLANG_WARN_OBJC_ROOT_CLASS = YES_ERROR;
				CLANG_WARN_QUOTED_INCLUDE_IN_FRAMEWORK_HEADER = YES;
				CLANG_WARN_RANGE_LOOP_ANALYSIS = YES;
				CLANG_WARN_STRICT_PROTOTYPES = YES;
				CLANG_WARN_SUSPICIOUS_MOVE = YES;
				CLANG_WARN_UNGUARDED_AVAILABILITY = YES_AGGRESSIVE;
				CLANG_WARN_UNREACHABLE_CODE = YES;
				CLANG_WARN__DUPLICATE_METHOD_MATCH = YES;
				COPY_PHASE_STRIP = NO;
				DEBUG_INFORMATION_FORMAT = dwarf;
				ENABLE_STRICT_OBJC_MSGSEND = YES;
				ENABLE_TESTABILITY = YES;
				GCC_C_LANGUAGE_STANDARD = gnu11;
				GCC_DYNAMIC_NO_PIC = NO;
				GCC_NO_COMMON_BLOCKS = YES;
				GCC_OPTIMIZATION_LEVEL = 0;
				GCC_PREPROCESSOR_DEFINITIONS = (
					"DEBUG=1",
					"$(inherited)",
				);
				GCC_WARN_64_TO_32_BIT_CONVERSION = YES;
				GCC_WARN_ABOUT_RETURN_TYPE = YES_ERROR;
				GCC_WARN_UNDECLARED_SELECTOR = YES;
				GCC_WARN_UNINITIALIZED_AUTOS = YES_AGGRESSIVE;
				GCC_WARN_UNUSED_FUNCTION = YES;
				GCC_WARN_UNUSED_VARIABLE = YES;
				IPHONEOS_DEPLOYMENT_TARGET = 14.5;
				MTL_ENABLE_DEBUG_INFO = INCLUDE_SOURCE;
				MTL_FAST_MATH = YES;
				ONLY_ACTIVE_ARCH = YES;
				SDKROOT = iphoneos;
				SWIFT_ACTIVE_COMPILATION_CONDITIONS = DEBUG;
				SWIFT_OPTIMIZATION_LEVEL = "-Onone";
			};
			name = Debug;
		};
		DC70C67C275893FA0055B2B6 /* Release */ = {
			isa = XCBuildConfiguration;
			buildSettings = {
				ALWAYS_SEARCH_USER_PATHS = NO;
				CLANG_ANALYZER_NONNULL = YES;
				CLANG_ANALYZER_NUMBER_OBJECT_CONVERSION = YES_AGGRESSIVE;
				CLANG_CXX_LANGUAGE_STANDARD = "gnu++14";
				CLANG_CXX_LIBRARY = "libc++";
				CLANG_ENABLE_MODULES = YES;
				CLANG_ENABLE_OBJC_ARC = YES;
				CLANG_ENABLE_OBJC_WEAK = YES;
				CLANG_WARN_BLOCK_CAPTURE_AUTORELEASING = YES;
				CLANG_WARN_BOOL_CONVERSION = YES;
				CLANG_WARN_COMMA = YES;
				CLANG_WARN_CONSTANT_CONVERSION = YES;
				CLANG_WARN_DEPRECATED_OBJC_IMPLEMENTATIONS = YES;
				CLANG_WARN_DIRECT_OBJC_ISA_USAGE = YES_ERROR;
				CLANG_WARN_DOCUMENTATION_COMMENTS = YES;
				CLANG_WARN_EMPTY_BODY = YES;
				CLANG_WARN_ENUM_CONVERSION = YES;
				CLANG_WARN_INFINITE_RECURSION = YES;
				CLANG_WARN_INT_CONVERSION = YES;
				CLANG_WARN_NON_LITERAL_NULL_CONVERSION = YES;
				CLANG_WARN_OBJC_IMPLICIT_RETAIN_SELF = YES;
				CLANG_WARN_OBJC_LITERAL_CONVERSION = YES;
				CLANG_WARN_OBJC_ROOT_CLASS = YES_ERROR;
				CLANG_WARN_QUOTED_INCLUDE_IN_FRAMEWORK_HEADER = YES;
				CLANG_WARN_RANGE_LOOP_ANALYSIS = YES;
				CLANG_WARN_STRICT_PROTOTYPES = YES;
				CLANG_WARN_SUSPICIOUS_MOVE = YES;
				CLANG_WARN_UNGUARDED_AVAILABILITY = YES_AGGRESSIVE;
				CLANG_WARN_UNREACHABLE_CODE = YES;
				CLANG_WARN__DUPLICATE_METHOD_MATCH = YES;
				COPY_PHASE_STRIP = NO;
				DEBUG_INFORMATION_FORMAT = "dwarf-with-dsym";
				ENABLE_NS_ASSERTIONS = NO;
				ENABLE_STRICT_OBJC_MSGSEND = YES;
				GCC_C_LANGUAGE_STANDARD = gnu11;
				GCC_NO_COMMON_BLOCKS = YES;
				GCC_WARN_64_TO_32_BIT_CONVERSION = YES;
				GCC_WARN_ABOUT_RETURN_TYPE = YES_ERROR;
				GCC_WARN_UNDECLARED_SELECTOR = YES;
				GCC_WARN_UNINITIALIZED_AUTOS = YES_AGGRESSIVE;
				GCC_WARN_UNUSED_FUNCTION = YES;
				GCC_WARN_UNUSED_VARIABLE = YES;
				IPHONEOS_DEPLOYMENT_TARGET = 14.5;
				MTL_ENABLE_DEBUG_INFO = NO;
				MTL_FAST_MATH = YES;
				SDKROOT = iphoneos;
				SWIFT_COMPILATION_MODE = wholemodule;
				SWIFT_OPTIMIZATION_LEVEL = "-O";
				VALIDATE_PRODUCT = YES;
			};
			name = Release;
		};
		DC70C67E275893FA0055B2B6 /* Debug */ = {
			isa = XCBuildConfiguration;
			buildSettings = {
				ASSETCATALOG_COMPILER_APPICON_NAME = AppIcon;
				ASSETCATALOG_COMPILER_GLOBAL_ACCENT_COLOR_NAME = AccentColor;
				CODE_SIGN_STYLE = Automatic;
				INFOPLIST_FILE = DemoCoreDataProject/Info.plist;
				LD_RUNPATH_SEARCH_PATHS = (
					"$(inherited)",
					"@executable_path/Frameworks",
				);
				PRODUCT_BUNDLE_IDENTIFIER = com.keylongsystem.fizz.DemoCoreDataProject;
				PRODUCT_NAME = "$(TARGET_NAME)";
				SWIFT_VERSION = 5.0;
				TARGETED_DEVICE_FAMILY = "1,2";
			};
			name = Debug;
		};
		DC70C67F275893FA0055B2B6 /* Release */ = {
			isa = XCBuildConfiguration;
			buildSettings = {
				ASSETCATALOG_COMPILER_APPICON_NAME = AppIcon;
				ASSETCATALOG_COMPILER_GLOBAL_ACCENT_COLOR_NAME = AccentColor;
				CODE_SIGN_STYLE = Automatic;
				INFOPLIST_FILE = DemoCoreDataProject/Info.plist;
				LD_RUNPATH_SEARCH_PATHS = (
					"$(inherited)",
					"@executable_path/Frameworks",
				);
				PRODUCT_BUNDLE_IDENTIFIER = com.keylongsystem.fizz.DemoCoreDataProject;
				PRODUCT_NAME = "$(TARGET_NAME)";
				SWIFT_VERSION = 5.0;
				TARGETED_DEVICE_FAMILY = "1,2";
			};
			name = Release;
		};
/* End XCBuildConfiguration section */

/* Begin XCConfigurationList section */
		DC70C661275893F90055B2B6 /* Build configuration list for PBXProject "DemoCoreDataProject" */ = {
			isa = XCConfigurationList;
			buildConfigurations = (
				DC70C67B275893FA0055B2B6 /* Debug */,
				DC70C67C275893FA0055B2B6 /* Release */,
			);
			defaultConfigurationIsVisible = 0;
			defaultConfigurationName = Release;
		};
		DC70C67D275893FA0055B2B6 /* Build configuration list for PBXNativeTarget "DemoCoreDataProject" */ = {
			isa = XCConfigurationList;
			buildConfigurations = (
				DC70C67E275893FA0055B2B6 /* Debug */,
				DC70C67F275893FA0055B2B6 /* Release */,
			);
			defaultConfigurationIsVisible = 0;
			defaultConfigurationName = Release;
		};
/* End XCConfigurationList section */

/* Begin XCVersionGroup section */
		DC70C672275893F90055B2B6 /* DemoCoreDataProject.xcdatamodeld */ = {
			isa = XCVersionGroup;
			children = (
				DC70C673275893F90055B2B6 /* DemoCoreDataProject.xcdatamodel */,
			);
			currentVersion = DC70C673275893F90055B2B6 /* DemoCoreDataProject.xcdatamodel */;
			path = DemoCoreDataProject.xcdatamodeld;
			sourceTree = "<group>";
			versionGroupType = wrapper.xcdatamodel;
		};
/* End XCVersionGroup section */
	};
	rootObject = DC70C65E275893F90055B2B6 /* Project object */;
}
